// !$*UTF8*$!
{
	archiveVersion = 1;
	classes = {
	};
	objectVersion = 46;
	objects = {

/* Begin PBXBuildFile section */
		1060B1241F4373F200C9EFF5 /* OpenGL.framework in Frameworks */ = {isa = PBXBuildFile; fileRef = 1060B1231F4373F200C9EFF5 /* OpenGL.framework */; };
		1060B1261F4373F700C9EFF5 /* GLUT.framework in Frameworks */ = {isa = PBXBuildFile; fileRef = 1060B1251F4373F700C9EFF5 /* GLUT.framework */; };
		10E27C00205E434000CE246E /* main.cpp in Sources */ = {isa = PBXBuildFile; fileRef = 10E27BDD205E434000CE246E /* main.cpp */; };
		10E27C01205E434000CE246E /* Chip8.cpp in Sources */ = {isa = PBXBuildFile; fileRef = 10E27BE0205E434000CE246E /* Chip8.cpp */; };
		10E27C02205E434000CE246E /* APU.cpp in Sources */ = {isa = PBXBuildFile; fileRef = 10E27BE3205E434000CE246E /* APU.cpp */; };
		10E27C03205E434000CE246E /* Cartridge.cpp in Sources */ = {isa = PBXBuildFile; fileRef = 10E27BE5205E434000CE246E /* Cartridge.cpp */; };
		10E27C04205E434000CE246E /* Controller.cpp in Sources */ = {isa = PBXBuildFile; fileRef = 10E27BE7205E434000CE246E /* Controller.cpp */; };
		10E27C05205E434000CE246E /* CPU.cpp in Sources */ = {isa = PBXBuildFile; fileRef = 10E27BE9205E434000CE246E /* CPU.cpp */; };
		10E27C06205E434000CE246E /* Mapper.cpp in Sources */ = {isa = PBXBuildFile; fileRef = 10E27BEB205E434000CE246E /* Mapper.cpp */; };
		10E27C07205E434000CE246E /* Mapper0.cpp in Sources */ = {isa = PBXBuildFile; fileRef = 10E27BED205E434000CE246E /* Mapper0.cpp */; };
		10E27C08205E434000CE246E /* Mapper1.cpp in Sources */ = {isa = PBXBuildFile; fileRef = 10E27BEF205E434000CE246E /* Mapper1.cpp */; };
		10E27C09205E434000CE246E /* Mapper2.cpp in Sources */ = {isa = PBXBuildFile; fileRef = 10E27BF1205E434000CE246E /* Mapper2.cpp */; };
		10E27C0A205E434000CE246E /* Mapper3.cpp in Sources */ = {isa = PBXBuildFile; fileRef = 10E27BF3205E434000CE246E /* Mapper3.cpp */; };
		10E27C0B205E434000CE246E /* Mapper7.cpp in Sources */ = {isa = PBXBuildFile; fileRef = 10E27BF5205E434000CE246E /* Mapper7.cpp */; };
		10E27C0C205E434000CE246E /* Memory.cpp in Sources */ = {isa = PBXBuildFile; fileRef = 10E27BF7205E434000CE246E /* Memory.cpp */; };
		10E27C0D205E434000CE246E /* NES.cpp in Sources */ = {isa = PBXBuildFile; fileRef = 10E27BF9205E434000CE246E /* NES.cpp */; };
		10E27C0E205E434000CE246E /* PPU.cpp in Sources */ = {isa = PBXBuildFile; fileRef = 10E27BFB205E434000CE246E /* PPU.cpp */; };
		10E27C0F205E434000CE246E /* PPUMemory.cpp in Sources */ = {isa = PBXBuildFile; fileRef = 10E27BFD205E434000CE246E /* PPUMemory.cpp */; };
		10E27C10205E434000CE246E /* Display.cpp in Sources */ = {isa = PBXBuildFile; fileRef = 10E27BFF205E434000CE246E /* Display.cpp */; };
/* End PBXBuildFile section */

/* Begin PBXCopyFilesBuildPhase section */
		1060B1081F43737D00C9EFF5 /* CopyFiles */ = {
			isa = PBXCopyFilesBuildPhase;
			buildActionMask = 12;
			dstPath = "";
			dstSubfolderSpec = 6;
			files = (
			);
			runOnlyForDeploymentPostprocessing = 0;
		};
/* End PBXCopyFilesBuildPhase section */

/* Begin PBXFileReference section */
		1060B10A1F43737D00C9EFF5 /* Nintendoish */ = {isa = PBXFileReference; explicitFileType = "compiled.mach-o.executable"; includeInIndex = 0; path = Nintendoish; sourceTree = BUILT_PRODUCTS_DIR; };
		1060B1231F4373F200C9EFF5 /* OpenGL.framework */ = {isa = PBXFileReference; lastKnownFileType = wrapper.framework; name = OpenGL.framework; path = System/Library/Frameworks/OpenGL.framework; sourceTree = SDKROOT; };
		1060B1251F4373F700C9EFF5 /* GLUT.framework */ = {isa = PBXFileReference; lastKnownFileType = wrapper.framework; name = GLUT.framework; path = System/Library/Frameworks/GLUT.framework; sourceTree = SDKROOT; };
		10E27BDD205E434000CE246E /* main.cpp */ = {isa = PBXFileReference; fileEncoding = 4; lastKnownFileType = sourcecode.cpp.cpp; name = main.cpp; path = ../../src/main.cpp; sourceTree = "<group>"; };
		10E27BDE205E434000CE246E /* Display.h */ = {isa = PBXFileReference; fileEncoding = 4; lastKnownFileType = sourcecode.c.h; name = Display.h; path = ../../src/Display.h; sourceTree = "<group>"; };
		10E27BE0205E434000CE246E /* Chip8.cpp */ = {isa = PBXFileReference; fileEncoding = 4; lastKnownFileType = sourcecode.cpp.cpp; path = Chip8.cpp; sourceTree = "<group>"; };
		10E27BE1205E434000CE246E /* Chip8.h */ = {isa = PBXFileReference; fileEncoding = 4; lastKnownFileType = sourcecode.c.h; path = Chip8.h; sourceTree = "<group>"; };
		10E27BE3205E434000CE246E /* APU.cpp */ = {isa = PBXFileReference; fileEncoding = 4; lastKnownFileType = sourcecode.cpp.cpp; path = APU.cpp; sourceTree = "<group>"; };
		10E27BE4205E434000CE246E /* APU.h */ = {isa = PBXFileReference; fileEncoding = 4; lastKnownFileType = sourcecode.c.h; path = APU.h; sourceTree = "<group>"; };
		10E27BE5205E434000CE246E /* Cartridge.cpp */ = {isa = PBXFileReference; fileEncoding = 4; lastKnownFileType = sourcecode.cpp.cpp; path = Cartridge.cpp; sourceTree = "<group>"; };
		10E27BE6205E434000CE246E /* Cartridge.h */ = {isa = PBXFileReference; fileEncoding = 4; lastKnownFileType = sourcecode.c.h; path = Cartridge.h; sourceTree = "<group>"; };
		10E27BE7205E434000CE246E /* Controller.cpp */ = {isa = PBXFileReference; fileEncoding = 4; lastKnownFileType = sourcecode.cpp.cpp; path = Controller.cpp; sourceTree = "<group>"; };
		10E27BE8205E434000CE246E /* Controller.h */ = {isa = PBXFileReference; fileEncoding = 4; lastKnownFileType = sourcecode.c.h; path = Controller.h; sourceTree = "<group>"; };
		10E27BE9205E434000CE246E /* CPU.cpp */ = {isa = PBXFileReference; fileEncoding = 4; lastKnownFileType = sourcecode.cpp.cpp; path = CPU.cpp; sourceTree = "<group>"; };
		10E27BEA205E434000CE246E /* CPU.h */ = {isa = PBXFileReference; fileEncoding = 4; lastKnownFileType = sourcecode.c.h; path = CPU.h; sourceTree = "<group>"; };
		10E27BEB205E434000CE246E /* Mapper.cpp */ = {isa = PBXFileReference; fileEncoding = 4; lastKnownFileType = sourcecode.cpp.cpp; path = Mapper.cpp; sourceTree = "<group>"; };
		10E27BEC205E434000CE246E /* Mapper.h */ = {isa = PBXFileReference; fileEncoding = 4; lastKnownFileType = sourcecode.c.h; path = Mapper.h; sourceTree = "<group>"; };
		10E27BED205E434000CE246E /* Mapper0.cpp */ = {isa = PBXFileReference; fileEncoding = 4; lastKnownFileType = sourcecode.cpp.cpp; path = Mapper0.cpp; sourceTree = "<group>"; };
		10E27BEE205E434000CE246E /* Mapper0.h */ = {isa = PBXFileReference; fileEncoding = 4; lastKnownFileType = sourcecode.c.h; path = Mapper0.h; sourceTree = "<group>"; };
		10E27BEF205E434000CE246E /* Mapper1.cpp */ = {isa = PBXFileReference; fileEncoding = 4; lastKnownFileType = sourcecode.cpp.cpp; path = Mapper1.cpp; sourceTree = "<group>"; };
		10E27BF0205E434000CE246E /* Mapper1.h */ = {isa = PBXFileReference; fileEncoding = 4; lastKnownFileType = sourcecode.c.h; path = Mapper1.h; sourceTree = "<group>"; };
		10E27BF1205E434000CE246E /* Mapper2.cpp */ = {isa = PBXFileReference; fileEncoding = 4; lastKnownFileType = sourcecode.cpp.cpp; path = Mapper2.cpp; sourceTree = "<group>"; };
		10E27BF2205E434000CE246E /* Mapper2.h */ = {isa = PBXFileReference; fileEncoding = 4; lastKnownFileType = sourcecode.c.h; path = Mapper2.h; sourceTree = "<group>"; };
		10E27BF3205E434000CE246E /* Mapper3.cpp */ = {isa = PBXFileReference; fileEncoding = 4; lastKnownFileType = sourcecode.cpp.cpp; path = Mapper3.cpp; sourceTree = "<group>"; };
		10E27BF4205E434000CE246E /* Mapper3.h */ = {isa = PBXFileReference; fileEncoding = 4; lastKnownFileType = sourcecode.c.h; path = Mapper3.h; sourceTree = "<group>"; };
		10E27BF5205E434000CE246E /* Mapper7.cpp */ = {isa = PBXFileReference; fileEncoding = 4; lastKnownFileType = sourcecode.cpp.cpp; path = Mapper7.cpp; sourceTree = "<group>"; };
		10E27BF6205E434000CE246E /* Mapper7.h */ = {isa = PBXFileReference; fileEncoding = 4; lastKnownFileType = sourcecode.c.h; path = Mapper7.h; sourceTree = "<group>"; };
		10E27BF7205E434000CE246E /* Memory.cpp */ = {isa = PBXFileReference; fileEncoding = 4; lastKnownFileType = sourcecode.cpp.cpp; path = Memory.cpp; sourceTree = "<group>"; };
		10E27BF8205E434000CE246E /* Memory.h */ = {isa = PBXFileReference; fileEncoding = 4; lastKnownFileType = sourcecode.c.h; path = Memory.h; sourceTree = "<group>"; };
		10E27BF9205E434000CE246E /* NES.cpp */ = {isa = PBXFileReference; fileEncoding = 4; lastKnownFileType = sourcecode.cpp.cpp; path = NES.cpp; sourceTree = "<group>"; };
		10E27BFA205E434000CE246E /* NES.h */ = {isa = PBXFileReference; fileEncoding = 4; lastKnownFileType = sourcecode.c.h; path = NES.h; sourceTree = "<group>"; };
		10E27BFB205E434000CE246E /* PPU.cpp */ = {isa = PBXFileReference; fileEncoding = 4; lastKnownFileType = sourcecode.cpp.cpp; path = PPU.cpp; sourceTree = "<group>"; };
		10E27BFC205E434000CE246E /* PPU.h */ = {isa = PBXFileReference; fileEncoding = 4; lastKnownFileType = sourcecode.c.h; path = PPU.h; sourceTree = "<group>"; };
		10E27BFD205E434000CE246E /* PPUMemory.cpp */ = {isa = PBXFileReference; fileEncoding = 4; lastKnownFileType = sourcecode.cpp.cpp; path = PPUMemory.cpp; sourceTree = "<group>"; };
		10E27BFE205E434000CE246E /* PPUMemory.h */ = {isa = PBXFileReference; fileEncoding = 4; lastKnownFileType = sourcecode.c.h; path = PPUMemory.h; sourceTree = "<group>"; };
		10E27BFF205E434000CE246E /* Display.cpp */ = {isa = PBXFileReference; fileEncoding = 4; lastKnownFileType = sourcecode.cpp.cpp; name = Display.cpp; path = ../../src/Display.cpp; sourceTree = "<group>"; };
/* End PBXFileReference section */

/* Begin PBXFrameworksBuildPhase section */
		1060B1071F43737D00C9EFF5 /* Frameworks */ = {
			isa = PBXFrameworksBuildPhase;
			buildActionMask = 2147483647;
			files = (
				1060B1261F4373F700C9EFF5 /* GLUT.framework in Frameworks */,
				1060B1241F4373F200C9EFF5 /* OpenGL.framework in Frameworks */,
			);
			runOnlyForDeploymentPostprocessing = 0;
		};
/* End PBXFrameworksBuildPhase section */

/* Begin PBXGroup section */
		1060B1011F43737D00C9EFF5 = {
			isa = PBXGroup;
			children = (
				10E27BD5205E42FD00CE246E /* Nintendoish */,
				1060B10B1F43737D00C9EFF5 /* Products */,
				1060B1221F4373F200C9EFF5 /* Frameworks */,
			);
			sourceTree = "<group>";
		};
		1060B10B1F43737D00C9EFF5 /* Products */ = {
			isa = PBXGroup;
			children = (
				1060B10A1F43737D00C9EFF5 /* Nintendoish */,
			);
			name = Products;
			sourceTree = "<group>";
		};
		1060B1221F4373F200C9EFF5 /* Frameworks */ = {
			isa = PBXGroup;
			children = (
				1060B1251F4373F700C9EFF5 /* GLUT.framework */,
				1060B1231F4373F200C9EFF5 /* OpenGL.framework */,
			);
			name = Frameworks;
			sourceTree = "<group>";
		};
		10E27BD5205E42FD00CE246E /* Nintendoish */ = {
			isa = PBXGroup;
			children = (
				10E27BDF205E434000CE246E /* CHIP8 */,
				10E27BE2205E434000CE246E /* NES */,
				10E27BFF205E434000CE246E /* Display.cpp */,
				10E27BDE205E434000CE246E /* Display.h */,
				10E27BDD205E434000CE246E /* main.cpp */,
			);
			path = Nintendoish;
			sourceTree = "<group>";
		};
		10E27BDF205E434000CE246E /* CHIP8 */ = {
			isa = PBXGroup;
			children = (
				10E27BE0205E434000CE246E /* Chip8.cpp */,
				10E27BE1205E434000CE246E /* Chip8.h */,
			);
			name = CHIP8;
			path = ../../src/CHIP8;
			sourceTree = "<group>";
		};
		10E27BE2205E434000CE246E /* NES */ = {
			isa = PBXGroup;
			children = (
				10E27BE3205E434000CE246E /* APU.cpp */,
				10E27BE4205E434000CE246E /* APU.h */,
				10E27BE5205E434000CE246E /* Cartridge.cpp */,
				10E27BE6205E434000CE246E /* Cartridge.h */,
				10E27BE7205E434000CE246E /* Controller.cpp */,
				10E27BE8205E434000CE246E /* Controller.h */,
				10E27BE9205E434000CE246E /* CPU.cpp */,
				10E27BEA205E434000CE246E /* CPU.h */,
				10E27BEB205E434000CE246E /* Mapper.cpp */,
				10E27BEC205E434000CE246E /* Mapper.h */,
				10E27BED205E434000CE246E /* Mapper0.cpp */,
				10E27BEE205E434000CE246E /* Mapper0.h */,
				10E27BEF205E434000CE246E /* Mapper1.cpp */,
				10E27BF0205E434000CE246E /* Mapper1.h */,
				10E27BF1205E434000CE246E /* Mapper2.cpp */,
				10E27BF2205E434000CE246E /* Mapper2.h */,
				10E27BF3205E434000CE246E /* Mapper3.cpp */,
				10E27BF4205E434000CE246E /* Mapper3.h */,
				10E27BF5205E434000CE246E /* Mapper7.cpp */,
				10E27BF6205E434000CE246E /* Mapper7.h */,
				10E27BF7205E434000CE246E /* Memory.cpp */,
				10E27BF8205E434000CE246E /* Memory.h */,
				10E27BF9205E434000CE246E /* NES.cpp */,
				10E27BFA205E434000CE246E /* NES.h */,
				10E27BFB205E434000CE246E /* PPU.cpp */,
				10E27BFC205E434000CE246E /* PPU.h */,
				10E27BFD205E434000CE246E /* PPUMemory.cpp */,
				10E27BFE205E434000CE246E /* PPUMemory.h */,
			);
			name = NES;
			path = ../../src/NES;
			sourceTree = "<group>";
		};
/* End PBXGroup section */

/* Begin PBXNativeTarget section */
		1060B1091F43737D00C9EFF5 /* Nintendoish */ = {
			isa = PBXNativeTarget;
			buildConfigurationList = 1060B1111F43737D00C9EFF5 /* Build configuration list for PBXNativeTarget "Nintendoish" */;
			buildPhases = (
				1060B1061F43737D00C9EFF5 /* Sources */,
				1060B1071F43737D00C9EFF5 /* Frameworks */,
				1060B1081F43737D00C9EFF5 /* CopyFiles */,
			);
			buildRules = (
			);
			dependencies = (
			);
			name = Nintendoish;
			productName = Gameboyish;
			productReference = 1060B10A1F43737D00C9EFF5 /* Nintendoish */;
			productType = "com.apple.product-type.tool";
		};
/* End PBXNativeTarget section */

/* Begin PBXProject section */
		1060B1021F43737D00C9EFF5 /* Project object */ = {
			isa = PBXProject;
			attributes = {
				LastUpgradeCheck = 0920;
				ORGANIZATIONNAME = "Ingebretsen, Andrew (HBO)";
				TargetAttributes = {
					1060B1091F43737D00C9EFF5 = {
						CreatedOnToolsVersion = 8.3.3;
						DevelopmentTeam = Q8ZUCZJ2K4;
						ProvisioningStyle = Automatic;
					};
				};
			};
			buildConfigurationList = 1060B1051F43737D00C9EFF5 /* Build configuration list for PBXProject "Nintendoish" */;
			compatibilityVersion = "Xcode 3.2";
			developmentRegion = English;
			hasScannedForEncodings = 0;
			knownRegions = (
				en,
			);
			mainGroup = 1060B1011F43737D00C9EFF5;
			productRefGroup = 1060B10B1F43737D00C9EFF5 /* Products */;
			projectDirPath = "";
			projectRoot = "";
			targets = (
				1060B1091F43737D00C9EFF5 /* Nintendoish */,
			);
		};
/* End PBXProject section */

/* Begin PBXSourcesBuildPhase section */
		1060B1061F43737D00C9EFF5 /* Sources */ = {
			isa = PBXSourcesBuildPhase;
			buildActionMask = 2147483647;
			files = (
				10E27C0E205E434000CE246E /* PPU.cpp in Sources */,
				10E27C0B205E434000CE246E /* Mapper7.cpp in Sources */,
				10E27C05205E434000CE246E /* CPU.cpp in Sources */,
				10E27C0D205E434000CE246E /* NES.cpp in Sources */,
				10E27C09205E434000CE246E /* Mapper2.cpp in Sources */,
				10E27C07205E434000CE246E /* Mapper0.cpp in Sources */,
				10E27C06205E434000CE246E /* Mapper.cpp in Sources */,
				10E27C08205E434000CE246E /* Mapper1.cpp in Sources */,
				10E27C0C205E434000CE246E /* Memory.cpp in Sources */,
				10E27C02205E434000CE246E /* APU.cpp in Sources */,
				10E27C0A205E434000CE246E /* Mapper3.cpp in Sources */,
				10E27C01205E434000CE246E /* Chip8.cpp in Sources */,
				10E27C0F205E434000CE246E /* PPUMemory.cpp in Sources */,
				10E27C04205E434000CE246E /* Controller.cpp in Sources */,
				10E27C00205E434000CE246E /* main.cpp in Sources */,
				10E27C03205E434000CE246E /* Cartridge.cpp in Sources */,
				10E27C10205E434000CE246E /* Display.cpp in Sources */,
			);
			runOnlyForDeploymentPostprocessing = 0;
		};
/* End PBXSourcesBuildPhase section */

/* Begin XCBuildConfiguration section */
		1060B10F1F43737D00C9EFF5 /* Debug */ = {
			isa = XCBuildConfiguration;
			buildSettings = {
				ALWAYS_SEARCH_USER_PATHS = NO;
				CLANG_ANALYZER_NONNULL = YES;
				CLANG_ANALYZER_NUMBER_OBJECT_CONVERSION = YES_AGGRESSIVE;
				CLANG_CXX_LANGUAGE_STANDARD = "gnu++0x";
				CLANG_CXX_LIBRARY = "libc++";
				CLANG_ENABLE_MODULES = YES;
				CLANG_ENABLE_OBJC_ARC = YES;
				CLANG_WARN_BLOCK_CAPTURE_AUTORELEASING = YES;
				CLANG_WARN_BOOL_CONVERSION = YES;
				CLANG_WARN_COMMA = YES;
				CLANG_WARN_CONSTANT_CONVERSION = YES;
				CLANG_WARN_DIRECT_OBJC_ISA_USAGE = YES_ERROR;
				CLANG_WARN_DOCUMENTATION_COMMENTS = YES;
				CLANG_WARN_EMPTY_BODY = YES;
				CLANG_WARN_ENUM_CONVERSION = YES;
				CLANG_WARN_INFINITE_RECURSION = YES;
				CLANG_WARN_INT_CONVERSION = YES;
				CLANG_WARN_NON_LITERAL_NULL_CONVERSION = YES;
				CLANG_WARN_OBJC_LITERAL_CONVERSION = YES;
				CLANG_WARN_OBJC_ROOT_CLASS = YES_ERROR;
				CLANG_WARN_RANGE_LOOP_ANALYSIS = YES;
				CLANG_WARN_STRICT_PROTOTYPES = YES;
				CLANG_WARN_SUSPICIOUS_MOVE = YES;
				CLANG_WARN_UNREACHABLE_CODE = YES;
				CLANG_WARN__DUPLICATE_METHOD_MATCH = YES;
				CODE_SIGN_IDENTITY = "-";
				COPY_PHASE_STRIP = NO;
				DEBUG_INFORMATION_FORMAT = dwarf;
				ENABLE_STRICT_OBJC_MSGSEND = YES;
				ENABLE_TESTABILITY = YES;
				GCC_C_LANGUAGE_STANDARD = gnu99;
				GCC_DYNAMIC_NO_PIC = NO;
				GCC_NO_COMMON_BLOCKS = YES;
				GCC_OPTIMIZATION_LEVEL = 0;
				GCC_PREPROCESSOR_DEFINITIONS = (
					"DEBUG=1",
					"$(inherited)",
				);
				GCC_WARN_64_TO_32_BIT_CONVERSION = YES;
				GCC_WARN_ABOUT_RETURN_TYPE = YES_ERROR;
				GCC_WARN_UNDECLARED_SELECTOR = YES;
				GCC_WARN_UNINITIALIZED_AUTOS = YES_AGGRESSIVE;
				GCC_WARN_UNUSED_FUNCTION = YES;
				GCC_WARN_UNUSED_VARIABLE = YES;
				MACOSX_DEPLOYMENT_TARGET = 10.12;
				MTL_ENABLE_DEBUG_INFO = YES;
				ONLY_ACTIVE_ARCH = YES;
				SDKROOT = macosx;
			};
			name = Debug;
		};
		1060B1101F43737D00C9EFF5 /* Release */ = {
			isa = XCBuildConfiguration;
			buildSettings = {
				ALWAYS_SEARCH_USER_PATHS = NO;
				CLANG_ANALYZER_NONNULL = YES;
				CLANG_ANALYZER_NUMBER_OBJECT_CONVERSION = YES_AGGRESSIVE;
				CLANG_CXX_LANGUAGE_STANDARD = "gnu++0x";
				CLANG_CXX_LIBRARY = "libc++";
				CLANG_ENABLE_MODULES = YES;
				CLANG_ENABLE_OBJC_ARC = YES;
				CLANG_WARN_BLOCK_CAPTURE_AUTORELEASING = YES;
				CLANG_WARN_BOOL_CONVERSION = YES;
				CLANG_WARN_COMMA = YES;
				CLANG_WARN_CONSTANT_CONVERSION = YES;
				CLANG_WARN_DIRECT_OBJC_ISA_USAGE = YES_ERROR;
				CLANG_WARN_DOCUMENTATION_COMMENTS = YES;
				CLANG_WARN_EMPTY_BODY = YES;
				CLANG_WARN_ENUM_CONVERSION = YES;
				CLANG_WARN_INFINITE_RECURSION = YES;
				CLANG_WARN_INT_CONVERSION = YES;
				CLANG_WARN_NON_LITERAL_NULL_CONVERSION = YES;
				CLANG_WARN_OBJC_LITERAL_CONVERSION = YES;
				CLANG_WARN_OBJC_ROOT_CLASS = YES_ERROR;
				CLANG_WARN_RANGE_LOOP_ANALYSIS = YES;
				CLANG_WARN_STRICT_PROTOTYPES = YES;
				CLANG_WARN_SUSPICIOUS_MOVE = YES;
				CLANG_WARN_UNREACHABLE_CODE = YES;
				CLANG_WARN__DUPLICATE_METHOD_MATCH = YES;
				CODE_SIGN_IDENTITY = "-";
				COPY_PHASE_STRIP = NO;
				DEBUG_INFORMATION_FORMAT = "dwarf-with-dsym";
				ENABLE_NS_ASSERTIONS = NO;
				ENABLE_STRICT_OBJC_MSGSEND = YES;
				GCC_C_LANGUAGE_STANDARD = gnu99;
				GCC_NO_COMMON_BLOCKS = YES;
				GCC_WARN_64_TO_32_BIT_CONVERSION = YES;
				GCC_WARN_ABOUT_RETURN_TYPE = YES_ERROR;
				GCC_WARN_UNDECLARED_SELECTOR = YES;
				GCC_WARN_UNINITIALIZED_AUTOS = YES_AGGRESSIVE;
				GCC_WARN_UNUSED_FUNCTION = YES;
				GCC_WARN_UNUSED_VARIABLE = YES;
				MACOSX_DEPLOYMENT_TARGET = 10.12;
				MTL_ENABLE_DEBUG_INFO = NO;
				SDKROOT = macosx;
			};
			name = Release;
		};
		1060B1121F43737D00C9EFF5 /* Debug */ = {
			isa = XCBuildConfiguration;
			buildSettings = {
				DEVELOPMENT_TEAM = Q8ZUCZJ2K4;
				PRODUCT_NAME = "$(TARGET_NAME)";
			};
			name = Debug;
		};
		1060B1131F43737D00C9EFF5 /* Release */ = {
			isa = XCBuildConfiguration;
			buildSettings = {
				DEVELOPMENT_TEAM = Q8ZUCZJ2K4;
				PRODUCT_NAME = "$(TARGET_NAME)";
			};
			name = Release;
		};
/* End XCBuildConfiguration section */

/* Begin XCConfigurationList section */
		1060B1051F43737D00C9EFF5 /* Build configuration list for PBXProject "Nintendoish" */ = {
			isa = XCConfigurationList;
			buildConfigurations = (
				1060B10F1F43737D00C9EFF5 /* Debug */,
				1060B1101F43737D00C9EFF5 /* Release */,
			);
			defaultConfigurationIsVisible = 0;
			defaultConfigurationName = Release;
		};
		1060B1111F43737D00C9EFF5 /* Build configuration list for PBXNativeTarget "Nintendoish" */ = {
			isa = XCConfigurationList;
			buildConfigurations = (
				1060B1121F43737D00C9EFF5 /* Debug */,
				1060B1131F43737D00C9EFF5 /* Release */,
			);
			defaultConfigurationIsVisible = 0;
			defaultConfigurationName = Release;
		};
/* End XCConfigurationList section */
	};
	rootObject = 1060B1021F43737D00C9EFF5 /* Project object */;
}
