// !$*UTF8*$!
{
	archiveVersion = 1;
	classes = {
	};
	objectVersion = 46;
	objects = {

/* Begin PBXBuildFile section */
		102EDAFC205EF187005F0475 /* main.cpp in Sources */ = {isa = PBXBuildFile; fileRef = 102EDAD9205EF187005F0475 /* main.cpp */; };
		102EDAFD205EF187005F0475 /* Chip8.cpp in Sources */ = {isa = PBXBuildFile; fileRef = 102EDADC205EF187005F0475 /* Chip8.cpp */; };
		102EDAFE205EF187005F0475 /* APU.cpp in Sources */ = {isa = PBXBuildFile; fileRef = 102EDADF205EF187005F0475 /* APU.cpp */; };
		102EDAFF205EF187005F0475 /* Cartridge.cpp in Sources */ = {isa = PBXBuildFile; fileRef = 102EDAE1205EF187005F0475 /* Cartridge.cpp */; };
		102EDB00205EF187005F0475 /* Controller.cpp in Sources */ = {isa = PBXBuildFile; fileRef = 102EDAE3205EF187005F0475 /* Controller.cpp */; };
		102EDB01205EF187005F0475 /* CPU.cpp in Sources */ = {isa = PBXBuildFile; fileRef = 102EDAE5205EF187005F0475 /* CPU.cpp */; };
		102EDB02205EF187005F0475 /* Mapper.cpp in Sources */ = {isa = PBXBuildFile; fileRef = 102EDAE7205EF187005F0475 /* Mapper.cpp */; };
		102EDB03205EF187005F0475 /* Mapper0.cpp in Sources */ = {isa = PBXBuildFile; fileRef = 102EDAE9205EF187005F0475 /* Mapper0.cpp */; };
		102EDB04205EF187005F0475 /* Mapper1.cpp in Sources */ = {isa = PBXBuildFile; fileRef = 102EDAEB205EF187005F0475 /* Mapper1.cpp */; };
		102EDB05205EF187005F0475 /* Mapper2.cpp in Sources */ = {isa = PBXBuildFile; fileRef = 102EDAED205EF187005F0475 /* Mapper2.cpp */; };
		102EDB06205EF187005F0475 /* Mapper3.cpp in Sources */ = {isa = PBXBuildFile; fileRef = 102EDAEF205EF187005F0475 /* Mapper3.cpp */; };
		102EDB07205EF187005F0475 /* Mapper7.cpp in Sources */ = {isa = PBXBuildFile; fileRef = 102EDAF1205EF187005F0475 /* Mapper7.cpp */; };
		102EDB08205EF187005F0475 /* Memory.cpp in Sources */ = {isa = PBXBuildFile; fileRef = 102EDAF3205EF187005F0475 /* Memory.cpp */; };
		102EDB09205EF187005F0475 /* NES.cpp in Sources */ = {isa = PBXBuildFile; fileRef = 102EDAF5205EF187005F0475 /* NES.cpp */; };
		102EDB0A205EF187005F0475 /* PPU.cpp in Sources */ = {isa = PBXBuildFile; fileRef = 102EDAF7205EF187005F0475 /* PPU.cpp */; };
		102EDB0B205EF187005F0475 /* PPUMemory.cpp in Sources */ = {isa = PBXBuildFile; fileRef = 102EDAF9205EF187005F0475 /* PPUMemory.cpp */; };
		102EDB0C205EF187005F0475 /* Display.cpp in Sources */ = {isa = PBXBuildFile; fileRef = 102EDAFB205EF187005F0475 /* Display.cpp */; };
		1060B1241F4373F200C9EFF5 /* OpenGL.framework in Frameworks */ = {isa = PBXBuildFile; fileRef = 1060B1231F4373F200C9EFF5 /* OpenGL.framework */; };
		10D7FF38209458530070569F /* libportaudio.a in Frameworks */ = {isa = PBXBuildFile; fileRef = 10D7FF37209458530070569F /* libportaudio.a */; };
		10D7FF3A209458700070569F /* CoreAudio.framework in Frameworks */ = {isa = PBXBuildFile; fileRef = 10D7FF39209458700070569F /* CoreAudio.framework */; };
		10D7FF3C2094587B0070569F /* AudioToolbox.framework in Frameworks */ = {isa = PBXBuildFile; fileRef = 10D7FF3B2094587B0070569F /* AudioToolbox.framework */; };
		10D7FF3E209458830070569F /* AudioUnit.framework in Frameworks */ = {isa = PBXBuildFile; fileRef = 10D7FF3D209458830070569F /* AudioUnit.framework */; };
		10D7FF402094588D0070569F /* CoreServices.framework in Frameworks */ = {isa = PBXBuildFile; fileRef = 10D7FF3F2094588D0070569F /* CoreServices.framework */; };
		10D7FF42209458950070569F /* Carbon.framework in Frameworks */ = {isa = PBXBuildFile; fileRef = 10D7FF41209458950070569F /* Carbon.framework */; };
		10E2D58E205F2DE2009AC3C2 /* libglfw3.a in Frameworks */ = {isa = PBXBuildFile; fileRef = 10E2D58D205F2DE2009AC3C2 /* libglfw3.a */; };
		10E2D590205F2E39009AC3C2 /* IOKit.framework in Frameworks */ = {isa = PBXBuildFile; fileRef = 10E2D58F205F2E39009AC3C2 /* IOKit.framework */; };
		10E2D592205F2E45009AC3C2 /* Cocoa.framework in Frameworks */ = {isa = PBXBuildFile; fileRef = 10E2D591205F2E45009AC3C2 /* Cocoa.framework */; };
		10E2D594205F2E4D009AC3C2 /* CoreVideo.framework in Frameworks */ = {isa = PBXBuildFile; fileRef = 10E2D593205F2E4D009AC3C2 /* CoreVideo.framework */; };
		10E2D59D206047BB009AC3C2 /* Mapper4.cpp in Sources */ = {isa = PBXBuildFile; fileRef = 10E2D59C206047BA009AC3C2 /* Mapper4.cpp */; };
		10E2D5A02060E327009AC3C2 /* Mapper9.cpp in Sources */ = {isa = PBXBuildFile; fileRef = 10E2D59F2060E327009AC3C2 /* Mapper9.cpp */; };
/* End PBXBuildFile section */

/* Begin PBXCopyFilesBuildPhase section */
		1060B1081F43737D00C9EFF5 /* CopyFiles */ = {
			isa = PBXCopyFilesBuildPhase;
			buildActionMask = 12;
			dstPath = "";
			dstSubfolderSpec = 6;
			files = (
			);
			runOnlyForDeploymentPostprocessing = 0;
		};
/* End PBXCopyFilesBuildPhase section */

/* Begin PBXFileReference section */
		102EDAD9205EF187005F0475 /* main.cpp */ = {isa = PBXFileReference; fileEncoding = 4; lastKnownFileType = sourcecode.cpp.cpp; name = main.cpp; path = ../src/main.cpp; sourceTree = "<group>"; };
		102EDADA205EF187005F0475 /* Display.h */ = {isa = PBXFileReference; fileEncoding = 4; lastKnownFileType = sourcecode.c.h; name = Display.h; path = ../src/Display.h; sourceTree = "<group>"; };
		102EDADC205EF187005F0475 /* Chip8.cpp */ = {isa = PBXFileReference; fileEncoding = 4; lastKnownFileType = sourcecode.cpp.cpp; path = Chip8.cpp; sourceTree = "<group>"; };
		102EDADD205EF187005F0475 /* Chip8.h */ = {isa = PBXFileReference; fileEncoding = 4; lastKnownFileType = sourcecode.c.h; path = Chip8.h; sourceTree = "<group>"; };
		102EDADF205EF187005F0475 /* APU.cpp */ = {isa = PBXFileReference; fileEncoding = 4; lastKnownFileType = sourcecode.cpp.cpp; path = APU.cpp; sourceTree = "<group>"; };
		102EDAE0205EF187005F0475 /* APU.h */ = {isa = PBXFileReference; fileEncoding = 4; lastKnownFileType = sourcecode.c.h; path = APU.h; sourceTree = "<group>"; };
		102EDAE1205EF187005F0475 /* Cartridge.cpp */ = {isa = PBXFileReference; fileEncoding = 4; lastKnownFileType = sourcecode.cpp.cpp; path = Cartridge.cpp; sourceTree = "<group>"; };
		102EDAE2205EF187005F0475 /* Cartridge.h */ = {isa = PBXFileReference; fileEncoding = 4; lastKnownFileType = sourcecode.c.h; path = Cartridge.h; sourceTree = "<group>"; };
		102EDAE3205EF187005F0475 /* Controller.cpp */ = {isa = PBXFileReference; fileEncoding = 4; lastKnownFileType = sourcecode.cpp.cpp; path = Controller.cpp; sourceTree = "<group>"; };
		102EDAE4205EF187005F0475 /* Controller.h */ = {isa = PBXFileReference; fileEncoding = 4; lastKnownFileType = sourcecode.c.h; path = Controller.h; sourceTree = "<group>"; };
		102EDAE5205EF187005F0475 /* CPU.cpp */ = {isa = PBXFileReference; fileEncoding = 4; lastKnownFileType = sourcecode.cpp.cpp; path = CPU.cpp; sourceTree = "<group>"; };
		102EDAE6205EF187005F0475 /* CPU.h */ = {isa = PBXFileReference; fileEncoding = 4; lastKnownFileType = sourcecode.c.h; path = CPU.h; sourceTree = "<group>"; };
		102EDAE7205EF187005F0475 /* Mapper.cpp */ = {isa = PBXFileReference; fileEncoding = 4; lastKnownFileType = sourcecode.cpp.cpp; path = Mapper.cpp; sourceTree = "<group>"; };
		102EDAE8205EF187005F0475 /* Mapper.h */ = {isa = PBXFileReference; fileEncoding = 4; lastKnownFileType = sourcecode.c.h; path = Mapper.h; sourceTree = "<group>"; };
		102EDAE9205EF187005F0475 /* Mapper0.cpp */ = {isa = PBXFileReference; fileEncoding = 4; lastKnownFileType = sourcecode.cpp.cpp; path = Mapper0.cpp; sourceTree = "<group>"; };
		102EDAEA205EF187005F0475 /* Mapper0.h */ = {isa = PBXFileReference; fileEncoding = 4; lastKnownFileType = sourcecode.c.h; path = Mapper0.h; sourceTree = "<group>"; };
		102EDAEB205EF187005F0475 /* Mapper1.cpp */ = {isa = PBXFileReference; fileEncoding = 4; lastKnownFileType = sourcecode.cpp.cpp; path = Mapper1.cpp; sourceTree = "<group>"; };
		102EDAEC205EF187005F0475 /* Mapper1.h */ = {isa = PBXFileReference; fileEncoding = 4; lastKnownFileType = sourcecode.c.h; path = Mapper1.h; sourceTree = "<group>"; };
		102EDAED205EF187005F0475 /* Mapper2.cpp */ = {isa = PBXFileReference; fileEncoding = 4; lastKnownFileType = sourcecode.cpp.cpp; path = Mapper2.cpp; sourceTree = "<group>"; };
		102EDAEE205EF187005F0475 /* Mapper2.h */ = {isa = PBXFileReference; fileEncoding = 4; lastKnownFileType = sourcecode.c.h; path = Mapper2.h; sourceTree = "<group>"; };
		102EDAEF205EF187005F0475 /* Mapper3.cpp */ = {isa = PBXFileReference; fileEncoding = 4; lastKnownFileType = sourcecode.cpp.cpp; path = Mapper3.cpp; sourceTree = "<group>"; };
		102EDAF0205EF187005F0475 /* Mapper3.h */ = {isa = PBXFileReference; fileEncoding = 4; lastKnownFileType = sourcecode.c.h; path = Mapper3.h; sourceTree = "<group>"; };
		102EDAF1205EF187005F0475 /* Mapper7.cpp */ = {isa = PBXFileReference; fileEncoding = 4; lastKnownFileType = sourcecode.cpp.cpp; path = Mapper7.cpp; sourceTree = "<group>"; };
		102EDAF2205EF187005F0475 /* Mapper7.h */ = {isa = PBXFileReference; fileEncoding = 4; lastKnownFileType = sourcecode.c.h; path = Mapper7.h; sourceTree = "<group>"; };
		102EDAF3205EF187005F0475 /* Memory.cpp */ = {isa = PBXFileReference; fileEncoding = 4; lastKnownFileType = sourcecode.cpp.cpp; path = Memory.cpp; sourceTree = "<group>"; };
		102EDAF4205EF187005F0475 /* Memory.h */ = {isa = PBXFileReference; fileEncoding = 4; lastKnownFileType = sourcecode.c.h; path = Memory.h; sourceTree = "<group>"; };
		102EDAF5205EF187005F0475 /* NES.cpp */ = {isa = PBXFileReference; fileEncoding = 4; lastKnownFileType = sourcecode.cpp.cpp; path = NES.cpp; sourceTree = "<group>"; };
		102EDAF6205EF187005F0475 /* NES.h */ = {isa = PBXFileReference; fileEncoding = 4; lastKnownFileType = sourcecode.c.h; path = NES.h; sourceTree = "<group>"; };
		102EDAF7205EF187005F0475 /* PPU.cpp */ = {isa = PBXFileReference; fileEncoding = 4; lastKnownFileType = sourcecode.cpp.cpp; path = PPU.cpp; sourceTree = "<group>"; };
		102EDAF8205EF187005F0475 /* PPU.h */ = {isa = PBXFileReference; fileEncoding = 4; lastKnownFileType = sourcecode.c.h; path = PPU.h; sourceTree = "<group>"; };
		102EDAF9205EF187005F0475 /* PPUMemory.cpp */ = {isa = PBXFileReference; fileEncoding = 4; lastKnownFileType = sourcecode.cpp.cpp; path = PPUMemory.cpp; sourceTree = "<group>"; };
		102EDAFA205EF187005F0475 /* PPUMemory.h */ = {isa = PBXFileReference; fileEncoding = 4; lastKnownFileType = sourcecode.c.h; path = PPUMemory.h; sourceTree = "<group>"; };
		102EDAFB205EF187005F0475 /* Display.cpp */ = {isa = PBXFileReference; fileEncoding = 4; lastKnownFileType = sourcecode.cpp.cpp; name = Display.cpp; path = ../src/Display.cpp; sourceTree = "<group>"; };
		1060B10A1F43737D00C9EFF5 /* Nintendoish */ = {isa = PBXFileReference; explicitFileType = "compiled.mach-o.executable"; includeInIndex = 0; path = Nintendoish; sourceTree = BUILT_PRODUCTS_DIR; };
		1060B1231F4373F200C9EFF5 /* OpenGL.framework */ = {isa = PBXFileReference; lastKnownFileType = wrapper.framework; name = OpenGL.framework; path = System/Library/Frameworks/OpenGL.framework; sourceTree = SDKROOT; };
		10D7FF37209458530070569F /* libportaudio.a */ = {isa = PBXFileReference; lastKnownFileType = archive.ar; name = libportaudio.a; path = ../lib/PortAudio/libportaudio.a; sourceTree = "<group>"; };
		10D7FF39209458700070569F /* CoreAudio.framework */ = {isa = PBXFileReference; lastKnownFileType = wrapper.framework; name = CoreAudio.framework; path = System/Library/Frameworks/CoreAudio.framework; sourceTree = SDKROOT; };
		10D7FF3B2094587B0070569F /* AudioToolbox.framework */ = {isa = PBXFileReference; lastKnownFileType = wrapper.framework; name = AudioToolbox.framework; path = System/Library/Frameworks/AudioToolbox.framework; sourceTree = SDKROOT; };
		10D7FF3D209458830070569F /* AudioUnit.framework */ = {isa = PBXFileReference; lastKnownFileType = wrapper.framework; name = AudioUnit.framework; path = System/Library/Frameworks/AudioUnit.framework; sourceTree = SDKROOT; };
		10D7FF3F2094588D0070569F /* CoreServices.framework */ = {isa = PBXFileReference; lastKnownFileType = wrapper.framework; name = CoreServices.framework; path = System/Library/Frameworks/CoreServices.framework; sourceTree = SDKROOT; };
		10D7FF41209458950070569F /* Carbon.framework */ = {isa = PBXFileReference; lastKnownFileType = wrapper.framework; name = Carbon.framework; path = System/Library/Frameworks/Carbon.framework; sourceTree = SDKROOT; };
		10D7FF43209458B60070569F /* portaudio.h */ = {isa = PBXFileReference; fileEncoding = 4; lastKnownFileType = sourcecode.c.h; name = portaudio.h; path = ../lib/PortAudio/portaudio.h; sourceTree = "<group>"; };
		10E2D586205F2957009AC3C2 /* glfw3.h */ = {isa = PBXFileReference; lastKnownFileType = sourcecode.c.h; name = glfw3.h; path = ../lib/GLFW/glfw3.h; sourceTree = "<group>"; };
		10E2D58D205F2DE2009AC3C2 /* libglfw3.a */ = {isa = PBXFileReference; lastKnownFileType = archive.ar; name = libglfw3.a; path = ../lib/GLFW/libglfw3.a; sourceTree = "<group>"; };
		10E2D58F205F2E39009AC3C2 /* IOKit.framework */ = {isa = PBXFileReference; lastKnownFileType = wrapper.framework; name = IOKit.framework; path = System/Library/Frameworks/IOKit.framework; sourceTree = SDKROOT; };
		10E2D591205F2E45009AC3C2 /* Cocoa.framework */ = {isa = PBXFileReference; lastKnownFileType = wrapper.framework; name = Cocoa.framework; path = System/Library/Frameworks/Cocoa.framework; sourceTree = SDKROOT; };
		10E2D593205F2E4D009AC3C2 /* CoreVideo.framework */ = {isa = PBXFileReference; lastKnownFileType = wrapper.framework; name = CoreVideo.framework; path = System/Library/Frameworks/CoreVideo.framework; sourceTree = SDKROOT; };
		10E2D59B206047BA009AC3C2 /* Mapper4.h */ = {isa = PBXFileReference; fileEncoding = 4; lastKnownFileType = sourcecode.c.h; path = Mapper4.h; sourceTree = "<group>"; };
		10E2D59C206047BA009AC3C2 /* Mapper4.cpp */ = {isa = PBXFileReference; fileEncoding = 4; lastKnownFileType = sourcecode.cpp.cpp; path = Mapper4.cpp; sourceTree = "<group>"; };
		10E2D59E2060E326009AC3C2 /* Mapper9.h */ = {isa = PBXFileReference; fileEncoding = 4; lastKnownFileType = sourcecode.c.h; path = Mapper9.h; sourceTree = "<group>"; };
		10E2D59F2060E327009AC3C2 /* Mapper9.cpp */ = {isa = PBXFileReference; fileEncoding = 4; lastKnownFileType = sourcecode.cpp.cpp; path = Mapper9.cpp; sourceTree = "<group>"; };
/* End PBXFileReference section */

/* Begin PBXFrameworksBuildPhase section */
		1060B1071F43737D00C9EFF5 /* Frameworks */ = {
			isa = PBXFrameworksBuildPhase;
			buildActionMask = 2147483647;
			files = (
				10D7FF42209458950070569F /* Carbon.framework in Frameworks */,
				10D7FF402094588D0070569F /* CoreServices.framework in Frameworks */,
				10D7FF3E209458830070569F /* AudioUnit.framework in Frameworks */,
				10D7FF3C2094587B0070569F /* AudioToolbox.framework in Frameworks */,
				10D7FF3A209458700070569F /* CoreAudio.framework in Frameworks */,
				10E2D594205F2E4D009AC3C2 /* CoreVideo.framework in Frameworks */,
				10E2D592205F2E45009AC3C2 /* Cocoa.framework in Frameworks */,
				10E2D590205F2E39009AC3C2 /* IOKit.framework in Frameworks */,
				10D7FF38209458530070569F /* libportaudio.a in Frameworks */,
				10E2D58E205F2DE2009AC3C2 /* libglfw3.a in Frameworks */,
				1060B1241F4373F200C9EFF5 /* OpenGL.framework in Frameworks */,
			);
			runOnlyForDeploymentPostprocessing = 0;
		};
/* End PBXFrameworksBuildPhase section */

/* Begin PBXGroup section */
		102EDAD8205EF179005F0475 /* Nintendoish */ = {
			isa = PBXGroup;
			children = (
				102EDADB205EF187005F0475 /* CHIP8 */,
				102EDAFB205EF187005F0475 /* Display.cpp */,
				102EDADA205EF187005F0475 /* Display.h */,
				102EDAD9205EF187005F0475 /* main.cpp */,
				102EDADE205EF187005F0475 /* NES */,
			);
			name = Nintendoish;
			sourceTree = "<group>";
		};
		102EDADB205EF187005F0475 /* CHIP8 */ = {
			isa = PBXGroup;
			children = (
				102EDADC205EF187005F0475 /* Chip8.cpp */,
				102EDADD205EF187005F0475 /* Chip8.h */,
			);
			name = CHIP8;
			path = ../src/CHIP8;
			sourceTree = "<group>";
		};
		102EDADE205EF187005F0475 /* NES */ = {
			isa = PBXGroup;
			children = (
				102EDADF205EF187005F0475 /* APU.cpp */,
				102EDAE0205EF187005F0475 /* APU.h */,
				102EDAE1205EF187005F0475 /* Cartridge.cpp */,
				102EDAE2205EF187005F0475 /* Cartridge.h */,
				102EDAE3205EF187005F0475 /* Controller.cpp */,
				102EDAE4205EF187005F0475 /* Controller.h */,
				102EDAE5205EF187005F0475 /* CPU.cpp */,
				102EDAE6205EF187005F0475 /* CPU.h */,
				102EDAE7205EF187005F0475 /* Mapper.cpp */,
				102EDAE8205EF187005F0475 /* Mapper.h */,
				102EDAE9205EF187005F0475 /* Mapper0.cpp */,
				102EDAEA205EF187005F0475 /* Mapper0.h */,
				102EDAEB205EF187005F0475 /* Mapper1.cpp */,
				102EDAEC205EF187005F0475 /* Mapper1.h */,
				102EDAED205EF187005F0475 /* Mapper2.cpp */,
				102EDAEE205EF187005F0475 /* Mapper2.h */,
				102EDAEF205EF187005F0475 /* Mapper3.cpp */,
				102EDAF0205EF187005F0475 /* Mapper3.h */,
				10E2D59C206047BA009AC3C2 /* Mapper4.cpp */,
				10E2D59B206047BA009AC3C2 /* Mapper4.h */,
				102EDAF1205EF187005F0475 /* Mapper7.cpp */,
				102EDAF2205EF187005F0475 /* Mapper7.h */,
				10E2D59F2060E327009AC3C2 /* Mapper9.cpp */,
				10E2D59E2060E326009AC3C2 /* Mapper9.h */,
				102EDAF3205EF187005F0475 /* Memory.cpp */,
				102EDAF4205EF187005F0475 /* Memory.h */,
				102EDAF5205EF187005F0475 /* NES.cpp */,
				102EDAF6205EF187005F0475 /* NES.h */,
				102EDAF7205EF187005F0475 /* PPU.cpp */,
				102EDAF8205EF187005F0475 /* PPU.h */,
				102EDAF9205EF187005F0475 /* PPUMemory.cpp */,
				102EDAFA205EF187005F0475 /* PPUMemory.h */,
			);
			name = NES;
			path = ../src/NES;
			sourceTree = "<group>";
		};
		1060B1011F43737D00C9EFF5 = {
			isa = PBXGroup;
			children = (
				10E2D584205F2695009AC3C2 /* include */,
				102EDAD8205EF179005F0475 /* Nintendoish */,
				1060B10B1F43737D00C9EFF5 /* Products */,
				1060B1221F4373F200C9EFF5 /* Frameworks */,
			);
			sourceTree = "<group>";
		};
		1060B10B1F43737D00C9EFF5 /* Products */ = {
			isa = PBXGroup;
			children = (
				1060B10A1F43737D00C9EFF5 /* Nintendoish */,
			);
			name = Products;
			sourceTree = "<group>";
		};
		1060B1221F4373F200C9EFF5 /* Frameworks */ = {
			isa = PBXGroup;
			children = (
				10D7FF41209458950070569F /* Carbon.framework */,
				10D7FF3F2094588D0070569F /* CoreServices.framework */,
				10D7FF3D209458830070569F /* AudioUnit.framework */,
				10D7FF3B2094587B0070569F /* AudioToolbox.framework */,
				10D7FF39209458700070569F /* CoreAudio.framework */,
				10E2D593205F2E4D009AC3C2 /* CoreVideo.framework */,
				10E2D591205F2E45009AC3C2 /* Cocoa.framework */,
				10E2D58F205F2E39009AC3C2 /* IOKit.framework */,
				10E2D58D205F2DE2009AC3C2 /* libglfw3.a */,
				10D7FF37209458530070569F /* libportaudio.a */,
				1060B1231F4373F200C9EFF5 /* OpenGL.framework */,
			);
			name = Frameworks;
			sourceTree = "<group>";
		};
		10E2D584205F2695009AC3C2 /* include */ = {
			isa = PBXGroup;
			children = (
				10D7FF43209458B60070569F /* portaudio.h */,
				10E2D586205F2957009AC3C2 /* glfw3.h */,
			);
			name = include;
			sourceTree = "<group>";
		};
/* End PBXGroup section */

/* Begin PBXNativeTarget section */
		1060B1091F43737D00C9EFF5 /* Nintendoish */ = {
			isa = PBXNativeTarget;
			buildConfigurationList = 1060B1111F43737D00C9EFF5 /* Build configuration list for PBXNativeTarget "Nintendoish" */;
			buildPhases = (
				1060B1061F43737D00C9EFF5 /* Sources */,
				1060B1071F43737D00C9EFF5 /* Frameworks */,
				1060B1081F43737D00C9EFF5 /* CopyFiles */,
			);
			buildRules = (
			);
			dependencies = (
			);
			name = Nintendoish;
			productName = Gameboyish;
			productReference = 1060B10A1F43737D00C9EFF5 /* Nintendoish */;
			productType = "com.apple.product-type.tool";
		};
/* End PBXNativeTarget section */

/* Begin PBXProject section */
		1060B1021F43737D00C9EFF5 /* Project object */ = {
			isa = PBXProject;
			attributes = {
				LastUpgradeCheck = 0920;
				ORGANIZATIONNAME = "Ingebretsen, Andrew (HBO)";
				TargetAttributes = {
					1060B1091F43737D00C9EFF5 = {
						CreatedOnToolsVersion = 8.3.3;
						DevelopmentTeam = Q8ZUCZJ2K4;
						ProvisioningStyle = Automatic;
					};
				};
			};
			buildConfigurationList = 1060B1051F43737D00C9EFF5 /* Build configuration list for PBXProject "Nintendoish" */;
			compatibilityVersion = "Xcode 3.2";
			developmentRegion = English;
			hasScannedForEncodings = 0;
			knownRegions = (
				en,
			);
			mainGroup = 1060B1011F43737D00C9EFF5;
			productRefGroup = 1060B10B1F43737D00C9EFF5 /* Products */;
			projectDirPath = "";
			projectRoot = "";
			targets = (
				1060B1091F43737D00C9EFF5 /* Nintendoish */,
			);
		};
/* End PBXProject section */

/* Begin PBXSourcesBuildPhase section */
		1060B1061F43737D00C9EFF5 /* Sources */ = {
			isa = PBXSourcesBuildPhase;
			buildActionMask = 2147483647;
			files = (
				102EDB0A205EF187005F0475 /* PPU.cpp in Sources */,
				102EDB07205EF187005F0475 /* Mapper7.cpp in Sources */,
				102EDB01205EF187005F0475 /* CPU.cpp in Sources */,
				10E2D59D206047BB009AC3C2 /* Mapper4.cpp in Sources */,
				102EDB09205EF187005F0475 /* NES.cpp in Sources */,
				102EDB05205EF187005F0475 /* Mapper2.cpp in Sources */,
				102EDB03205EF187005F0475 /* Mapper0.cpp in Sources */,
				102EDB02205EF187005F0475 /* Mapper.cpp in Sources */,
				102EDB04205EF187005F0475 /* Mapper1.cpp in Sources */,
				102EDB08205EF187005F0475 /* Memory.cpp in Sources */,
				102EDAFE205EF187005F0475 /* APU.cpp in Sources */,
				10E2D5A02060E327009AC3C2 /* Mapper9.cpp in Sources */,
				102EDB06205EF187005F0475 /* Mapper3.cpp in Sources */,
				102EDAFD205EF187005F0475 /* Chip8.cpp in Sources */,
				102EDB0B205EF187005F0475 /* PPUMemory.cpp in Sources */,
				102EDB00205EF187005F0475 /* Controller.cpp in Sources */,
				102EDAFC205EF187005F0475 /* main.cpp in Sources */,
				102EDAFF205EF187005F0475 /* Cartridge.cpp in Sources */,
				102EDB0C205EF187005F0475 /* Display.cpp in Sources */,
			);
			runOnlyForDeploymentPostprocessing = 0;
		};
/* End PBXSourcesBuildPhase section */

/* Begin XCBuildConfiguration section */
		1060B10F1F43737D00C9EFF5 /* Debug */ = {
			isa = XCBuildConfiguration;
			buildSettings = {
				ALWAYS_SEARCH_USER_PATHS = NO;
				CLANG_ANALYZER_NONNULL = YES;
				CLANG_ANALYZER_NUMBER_OBJECT_CONVERSION = YES_AGGRESSIVE;
				CLANG_CXX_LANGUAGE_STANDARD = "gnu++0x";
				CLANG_CXX_LIBRARY = "libc++";
				CLANG_ENABLE_MODULES = YES;
				CLANG_ENABLE_OBJC_ARC = YES;
				CLANG_WARN_BLOCK_CAPTURE_AUTORELEASING = YES;
				CLANG_WARN_BOOL_CONVERSION = YES;
				CLANG_WARN_COMMA = YES;
				CLANG_WARN_CONSTANT_CONVERSION = YES;
				CLANG_WARN_DIRECT_OBJC_ISA_USAGE = YES_ERROR;
				CLANG_WARN_DOCUMENTATION_COMMENTS = YES;
				CLANG_WARN_EMPTY_BODY = YES;
				CLANG_WARN_ENUM_CONVERSION = YES;
				CLANG_WARN_INFINITE_RECURSION = YES;
				CLANG_WARN_INT_CONVERSION = YES;
				CLANG_WARN_NON_LITERAL_NULL_CONVERSION = YES;
				CLANG_WARN_OBJC_LITERAL_CONVERSION = YES;
				CLANG_WARN_OBJC_ROOT_CLASS = YES_ERROR;
				CLANG_WARN_RANGE_LOOP_ANALYSIS = YES;
				CLANG_WARN_STRICT_PROTOTYPES = YES;
				CLANG_WARN_SUSPICIOUS_MOVE = YES;
				CLANG_WARN_UNREACHABLE_CODE = YES;
				CLANG_WARN__DUPLICATE_METHOD_MATCH = YES;
				CODE_SIGN_IDENTITY = "-";
				COPY_PHASE_STRIP = NO;
				DEBUG_INFORMATION_FORMAT = dwarf;
				ENABLE_STRICT_OBJC_MSGSEND = YES;
				ENABLE_TESTABILITY = YES;
				GCC_C_LANGUAGE_STANDARD = gnu99;
				GCC_DYNAMIC_NO_PIC = NO;
				GCC_NO_COMMON_BLOCKS = YES;
				GCC_OPTIMIZATION_LEVEL = 0;
				GCC_PREPROCESSOR_DEFINITIONS = (
					"DEBUG=1",
					"$(inherited)",
				);
				GCC_WARN_64_TO_32_BIT_CONVERSION = YES;
				GCC_WARN_ABOUT_RETURN_TYPE = YES_ERROR;
				GCC_WARN_UNDECLARED_SELECTOR = YES;
				GCC_WARN_UNINITIALIZED_AUTOS = YES_AGGRESSIVE;
				GCC_WARN_UNUSED_FUNCTION = YES;
				GCC_WARN_UNUSED_VARIABLE = YES;
				MACOSX_DEPLOYMENT_TARGET = 10.12;
				MTL_ENABLE_DEBUG_INFO = YES;
				ONLY_ACTIVE_ARCH = YES;
				SDKROOT = macosx;
			};
			name = Debug;
		};
		1060B1101F43737D00C9EFF5 /* Release */ = {
			isa = XCBuildConfiguration;
			buildSettings = {
				ALWAYS_SEARCH_USER_PATHS = NO;
				CLANG_ANALYZER_NONNULL = YES;
				CLANG_ANALYZER_NUMBER_OBJECT_CONVERSION = YES_AGGRESSIVE;
				CLANG_CXX_LANGUAGE_STANDARD = "gnu++0x";
				CLANG_CXX_LIBRARY = "libc++";
				CLANG_ENABLE_MODULES = YES;
				CLANG_ENABLE_OBJC_ARC = YES;
				CLANG_WARN_BLOCK_CAPTURE_AUTORELEASING = YES;
				CLANG_WARN_BOOL_CONVERSION = YES;
				CLANG_WARN_COMMA = YES;
				CLANG_WARN_CONSTANT_CONVERSION = YES;
				CLANG_WARN_DIRECT_OBJC_ISA_USAGE = YES_ERROR;
				CLANG_WARN_DOCUMENTATION_COMMENTS = YES;
				CLANG_WARN_EMPTY_BODY = YES;
				CLANG_WARN_ENUM_CONVERSION = YES;
				CLANG_WARN_INFINITE_RECURSION = YES;
				CLANG_WARN_INT_CONVERSION = YES;
				CLANG_WARN_NON_LITERAL_NULL_CONVERSION = YES;
				CLANG_WARN_OBJC_LITERAL_CONVERSION = YES;
				CLANG_WARN_OBJC_ROOT_CLASS = YES_ERROR;
				CLANG_WARN_RANGE_LOOP_ANALYSIS = YES;
				CLANG_WARN_STRICT_PROTOTYPES = YES;
				CLANG_WARN_SUSPICIOUS_MOVE = YES;
				CLANG_WARN_UNREACHABLE_CODE = YES;
				CLANG_WARN__DUPLICATE_METHOD_MATCH = YES;
				CODE_SIGN_IDENTITY = "-";
				COPY_PHASE_STRIP = NO;
				DEBUG_INFORMATION_FORMAT = "dwarf-with-dsym";
				ENABLE_NS_ASSERTIONS = NO;
				ENABLE_STRICT_OBJC_MSGSEND = YES;
				GCC_C_LANGUAGE_STANDARD = gnu99;
				GCC_NO_COMMON_BLOCKS = YES;
				GCC_WARN_64_TO_32_BIT_CONVERSION = YES;
				GCC_WARN_ABOUT_RETURN_TYPE = YES_ERROR;
				GCC_WARN_UNDECLARED_SELECTOR = YES;
				GCC_WARN_UNINITIALIZED_AUTOS = YES_AGGRESSIVE;
				GCC_WARN_UNUSED_FUNCTION = YES;
				GCC_WARN_UNUSED_VARIABLE = YES;
				MACOSX_DEPLOYMENT_TARGET = 10.12;
				MTL_ENABLE_DEBUG_INFO = NO;
				SDKROOT = macosx;
			};
			name = Release;
		};
		1060B1121F43737D00C9EFF5 /* Debug */ = {
			isa = XCBuildConfiguration;
			buildSettings = {
				DEVELOPMENT_TEAM = Q8ZUCZJ2K4;
				LIBRARY_SEARCH_PATHS = "../lib/**";
				PRODUCT_NAME = "$(TARGET_NAME)";
			};
			name = Debug;
		};
		1060B1131F43737D00C9EFF5 /* Release */ = {
			isa = XCBuildConfiguration;
			buildSettings = {
				DEVELOPMENT_TEAM = Q8ZUCZJ2K4;
				LIBRARY_SEARCH_PATHS = "../lib/**";
				PRODUCT_NAME = "$(TARGET_NAME)";
			};
			name = Release;
		};
/* End XCBuildConfiguration section */

/* Begin XCConfigurationList section */
		1060B1051F43737D00C9EFF5 /* Build configuration list for PBXProject "Nintendoish" */ = {
			isa = XCConfigurationList;
			buildConfigurations = (
				1060B10F1F43737D00C9EFF5 /* Debug */,
				1060B1101F43737D00C9EFF5 /* Release */,
			);
			defaultConfigurationIsVisible = 0;
			defaultConfigurationName = Release;
		};
		1060B1111F43737D00C9EFF5 /* Build configuration list for PBXNativeTarget "Nintendoish" */ = {
			isa = XCConfigurationList;
			buildConfigurations = (
				1060B1121F43737D00C9EFF5 /* Debug */,
				1060B1131F43737D00C9EFF5 /* Release */,
			);
			defaultConfigurationIsVisible = 0;
			defaultConfigurationName = Release;
		};
/* End XCConfigurationList section */
	};
	rootObject = 1060B1021F43737D00C9EFF5 /* Project object */;
}
